
Microsoft Visual Studio Solution File, Format Version 12.00
# Visual Studio 14
VisualStudioVersion = 14.0.25420.1
MinimumVisualStudioVersion = 10.0.40219.1
Project("{2150E333-8FDC-42A3-9474-1A3956D46DE8}") = "src", "src", "{C3752565-246E-4C69-9266-B58A174A547B}"
EndProject
Project("{2150E333-8FDC-42A3-9474-1A3956D46DE8}") = "Solution Items", "Solution Items", "{F4F4A8F1-2B69-4B77-AF36-69F3954C4F64}"
	ProjectSection(SolutionItems) = preProject
		global.json = global.json
	EndProjectSection
EndProject
Project("{8BB2217D-0F2D-49D1-97BC-3654ED321F3B}") = "AspMvcCoreWorkshop", "src\AspMvcCoreWorkshop\AspMvcCoreWorkshop.xproj", "{7F3D4059-D4E3-4F3F-98C3-0A9C20F1B451}"
EndProject
Global
	GlobalSection(SolutionConfigurationPlatforms) = preSolution
		Debug|Any CPU = Debug|Any CPU
		Release|Any CPU = Release|Any CPU
	EndGlobalSection
	GlobalSection(ProjectConfigurationPlatforms) = postSolution
		{7F3D4059-D4E3-4F3F-98C3-0A9C20F1B451}.Debug|Any CPU.ActiveCfg = Debug|Any CPU
		{7F3D4059-D4E3-4F3F-98C3-0A9C20F1B451}.Debug|Any CPU.Build.0 = Debug|Any CPU
		{7F3D4059-D4E3-4F3F-98C3-0A9C20F1B451}.Release|Any CPU.ActiveCfg = Release|Any CPU
		{7F3D4059-D4E3-4F3F-98C3-0A9C20F1B451}.Release|Any CPU.Build.0 = Release|Any CPU
	EndGlobalSection
	GlobalSection(SolutionProperties) = preSolution
		HideSolutionNode = FALSE
	EndGlobalSection
	GlobalSection(NestedProjects) = preSolution
		{7F3D4059-D4E3-4F3F-98C3-0A9C20F1B451} = {C3752565-246E-4C69-9266-B58A174A547B}
	EndGlobalSection
EndGlobal
